
Microsoft Visual Studio Solution File, Format Version 12.00
# Visual Studio 2012
Project("{f2a71f9b-5d33-465a-a702-920d77279786}") = "OmegaIDE.Page", "OmegaIDE.Page\OmegaIDE.Page.fsproj", "{6D2F7E11-C24C-41F6-A2A2-4625225C39C5}"
EndProject
Project("{f2a71f9b-5d33-465a-a702-920d77279786}") = "OmegaIDE.FSharp.CommonLib", "OmegaIDE.FSharp.CommonLib\OmegaIDE.FSharp.CommonLib.fsproj", "{1E34C246-8574-436D-B056-B08B4E53B8E9}"
EndProject
Project("{f2a71f9b-5d33-465a-a702-920d77279786}") = "Core", "Core\Core.fsproj", "{D5136B1A-4B66-4905-B248-8805E22A018D}"
EndProject
Global
	GlobalSection(SolutionConfigurationPlatforms) = preSolution
		Debug|x86 = Debug|x86
		Release|x86 = Release|x86
	EndGlobalSection
	GlobalSection(ProjectConfigurationPlatforms) = postSolution
		{1E34C246-8574-436D-B056-B08B4E53B8E9}.Debug|x86.ActiveCfg = Debug|Any CPU
		{1E34C246-8574-436D-B056-B08B4E53B8E9}.Debug|x86.Build.0 = Debug|Any CPU
		{1E34C246-8574-436D-B056-B08B4E53B8E9}.Release|x86.ActiveCfg = Release|Any CPU
		{1E34C246-8574-436D-B056-B08B4E53B8E9}.Release|x86.Build.0 = Release|Any CPU
		{6D2F7E11-C24C-41F6-A2A2-4625225C39C5}.Debug|x86.ActiveCfg = Debug|x86
		{6D2F7E11-C24C-41F6-A2A2-4625225C39C5}.Debug|x86.Build.0 = Debug|x86
		{6D2F7E11-C24C-41F6-A2A2-4625225C39C5}.Release|x86.ActiveCfg = Release|x86
		{6D2F7E11-C24C-41F6-A2A2-4625225C39C5}.Release|x86.Build.0 = Release|x86
		{D5136B1A-4B66-4905-B248-8805E22A018D}.Debug|x86.ActiveCfg = Debug|Any CPU
		{D5136B1A-4B66-4905-B248-8805E22A018D}.Debug|x86.Build.0 = Debug|Any CPU
		{D5136B1A-4B66-4905-B248-8805E22A018D}.Release|x86.ActiveCfg = Release|Any CPU
		{D5136B1A-4B66-4905-B248-8805E22A018D}.Release|x86.Build.0 = Release|Any CPU
	EndGlobalSection
EndGlobal
